
Microsoft Visual Studio Solution File, Format Version 12.00
# Visual Studio 15
VisualStudioVersion = 15.0.27004.2008
MinimumVisualStudioVersion = 10.0.40219.1
Project("{FAE04EC0-301F-11D3-BF4B-00C04F79EFBC}") = "HackerEarth", "HackerEarth\HackerEarth.csproj", "{B0A0AB5F-4124-4A55-B534-9FB02C7112AA}"
EndProject
Global
	GlobalSection(SolutionConfigurationPlatforms) = preSolution
		Debug|Any CPU = Debug|Any CPU
		Release|Any CPU = Release|Any CPU
	EndGlobalSection
	GlobalSection(ProjectConfigurationPlatforms) = postSolution
		{B0A0AB5F-4124-4A55-B534-9FB02C7112AA}.Debug|Any CPU.ActiveCfg = Debug|Any CPU
		{B0A0AB5F-4124-4A55-B534-9FB02C7112AA}.Debug|Any CPU.Build.0 = Debug|Any CPU
		{B0A0AB5F-4124-4A55-B534-9FB02C7112AA}.Release|Any CPU.ActiveCfg = Release|Any CPU
		{B0A0AB5F-4124-4A55-B534-9FB02C7112AA}.Release|Any CPU.Build.0 = Release|Any CPU
	EndGlobalSection
	GlobalSection(SolutionProperties) = preSolution
		HideSolutionNode = FALSE
	EndGlobalSection
	GlobalSection(ExtensibilityGlobals) = postSolution
		SolutionGuid = {F86E78D2-79B7-4FF6-8BE7-06B5768BFCC9}
	EndGlobalSection
EndGlobal
